// !$*UTF8*$!
{
	archiveVersion = 1;
	classes = {
	};
	objectVersion = 56;
	objects = {

/* Begin PBXBuildFile section */
		9506F83529328F0200E20F83 /* DetailView.swift in Sources */ = {isa = PBXBuildFile; fileRef = 9506F83429328F0200E20F83 /* DetailView.swift */; };
		950FAAB7295321A0001C86E5 /* DetailView_VM.swift in Sources */ = {isa = PBXBuildFile; fileRef = 950FAAB6295321A0001C86E5 /* DetailView_VM.swift */; };
		95528123294AC605008B67CF /* AddView_VM.swift in Sources */ = {isa = PBXBuildFile; fileRef = 95528122294AC605008B67CF /* AddView_VM.swift */; };
		95615796295EA50C00EBD61D /* EditStepView.swift in Sources */ = {isa = PBXBuildFile; fileRef = 95615795295EA50C00EBD61D /* EditStepView.swift */; };
		956F3CF72946C0DC00C79B7B /* DataController.swift in Sources */ = {isa = PBXBuildFile; fileRef = 956F3CF62946C0DC00C79B7B /* DataController.swift */; };
		956F3D082946CAFE00C79B7B /* Step+CoreDataClass.swift in Sources */ = {isa = PBXBuildFile; fileRef = 956F3D042946CAFE00C79B7B /* Step+CoreDataClass.swift */; };
		956F3D092946CAFE00C79B7B /* Step+CoreDataProperties.swift in Sources */ = {isa = PBXBuildFile; fileRef = 956F3D052946CAFE00C79B7B /* Step+CoreDataProperties.swift */; };
		956F3D0A2946CAFE00C79B7B /* Workout+CoreDataClass.swift in Sources */ = {isa = PBXBuildFile; fileRef = 956F3D062946CAFE00C79B7B /* Workout+CoreDataClass.swift */; };
		956F3D0B2946CAFE00C79B7B /* Workout+CoreDataProperties.swift in Sources */ = {isa = PBXBuildFile; fileRef = 956F3D072946CAFE00C79B7B /* Workout+CoreDataProperties.swift */; };
		957FB727294ACA7A00F87C86 /* NewStep.swift in Sources */ = {isa = PBXBuildFile; fileRef = 957FB726294ACA7A00F87C86 /* NewStep.swift */; };
		958F39A7295EFC3E00B81FF1 /* testListView.swift in Sources */ = {isa = PBXBuildFile; fileRef = 958F39A6295EFC3E00B81FF1 /* testListView.swift */; };
		95ACF50F2922026E00E9B2AF /* IntervalApp.swift in Sources */ = {isa = PBXBuildFile; fileRef = 95ACF50E2922026E00E9B2AF /* IntervalApp.swift */; };
		95ACF5112922026E00E9B2AF /* ContentView.swift in Sources */ = {isa = PBXBuildFile; fileRef = 95ACF5102922026E00E9B2AF /* ContentView.swift */; };
		95ACF5132922027000E9B2AF /* Assets.xcassets in Resources */ = {isa = PBXBuildFile; fileRef = 95ACF5122922027000E9B2AF /* Assets.xcassets */; };
		95ACF5162922027000E9B2AF /* Preview Assets.xcassets in Resources */ = {isa = PBXBuildFile; fileRef = 95ACF5152922027000E9B2AF /* Preview Assets.xcassets */; };
		95ACF51C2922027000E9B2AF /* Interval Watch App.app in Embed Watch Content */ = {isa = PBXBuildFile; fileRef = 95ACF51B2922027000E9B2AF /* Interval Watch App.app */; settings = {ATTRIBUTES = (RemoveHeadersOnCopy, ); }; };
		95ACF5212922027000E9B2AF /* IntervalApp.swift in Sources */ = {isa = PBXBuildFile; fileRef = 95ACF5202922027000E9B2AF /* IntervalApp.swift */; };
		95ACF5232922027000E9B2AF /* ContentView.swift in Sources */ = {isa = PBXBuildFile; fileRef = 95ACF5222922027000E9B2AF /* ContentView.swift */; };
		95ACF5252922027100E9B2AF /* Assets.xcassets in Resources */ = {isa = PBXBuildFile; fileRef = 95ACF5242922027100E9B2AF /* Assets.xcassets */; };
		95ACF5282922027100E9B2AF /* Preview Assets.xcassets in Resources */ = {isa = PBXBuildFile; fileRef = 95ACF5272922027100E9B2AF /* Preview Assets.xcassets */; };
		95CABB04292E8C33006E7AAE /* AddView.swift in Sources */ = {isa = PBXBuildFile; fileRef = 95CABB03292E8C33006E7AAE /* AddView.swift */; };
		95ECF4822944F2F70021CCD1 /* Interval.xcdatamodeld in Sources */ = {isa = PBXBuildFile; fileRef = 95ECF4802944F2F70021CCD1 /* Interval.xcdatamodeld */; };
/* End PBXBuildFile section */

/* Begin PBXContainerItemProxy section */
		95ACF51D2922027000E9B2AF /* PBXContainerItemProxy */ = {
			isa = PBXContainerItemProxy;
			containerPortal = 95ACF5032922026E00E9B2AF /* Project object */;
			proxyType = 1;
			remoteGlobalIDString = 95ACF51A2922027000E9B2AF;
			remoteInfo = "Interval Watch App";
		};
/* End PBXContainerItemProxy section */

/* Begin PBXCopyFilesBuildPhase section */
		95ACF52E2922027100E9B2AF /* Embed Watch Content */ = {
			isa = PBXCopyFilesBuildPhase;
			buildActionMask = 2147483647;
			dstPath = "$(CONTENTS_FOLDER_PATH)/Watch";
			dstSubfolderSpec = 16;
			files = (
				95ACF51C2922027000E9B2AF /* Interval Watch App.app in Embed Watch Content */,
			);
			name = "Embed Watch Content";
			runOnlyForDeploymentPostprocessing = 0;
		};
/* End PBXCopyFilesBuildPhase section */

/* Begin PBXFileReference section */
		9506F83429328F0200E20F83 /* DetailView.swift */ = {isa = PBXFileReference; lastKnownFileType = sourcecode.swift; path = DetailView.swift; sourceTree = "<group>"; };
		950FAAB6295321A0001C86E5 /* DetailView_VM.swift */ = {isa = PBXFileReference; lastKnownFileType = sourcecode.swift; path = DetailView_VM.swift; sourceTree = "<group>"; };
		95528122294AC605008B67CF /* AddView_VM.swift */ = {isa = PBXFileReference; lastKnownFileType = sourcecode.swift; path = AddView_VM.swift; sourceTree = "<group>"; };
		95615795295EA50C00EBD61D /* EditStepView.swift */ = {isa = PBXFileReference; lastKnownFileType = sourcecode.swift; path = EditStepView.swift; sourceTree = "<group>"; };
		956F3CF62946C0DC00C79B7B /* DataController.swift */ = {isa = PBXFileReference; lastKnownFileType = sourcecode.swift; path = DataController.swift; sourceTree = "<group>"; };
		956F3D042946CAFE00C79B7B /* Step+CoreDataClass.swift */ = {isa = PBXFileReference; lastKnownFileType = sourcecode.swift; path = "Step+CoreDataClass.swift"; sourceTree = "<group>"; };
		956F3D052946CAFE00C79B7B /* Step+CoreDataProperties.swift */ = {isa = PBXFileReference; lastKnownFileType = sourcecode.swift; path = "Step+CoreDataProperties.swift"; sourceTree = "<group>"; };
		956F3D062946CAFE00C79B7B /* Workout+CoreDataClass.swift */ = {isa = PBXFileReference; lastKnownFileType = sourcecode.swift; path = "Workout+CoreDataClass.swift"; sourceTree = "<group>"; };
		956F3D072946CAFE00C79B7B /* Workout+CoreDataProperties.swift */ = {isa = PBXFileReference; lastKnownFileType = sourcecode.swift; path = "Workout+CoreDataProperties.swift"; sourceTree = "<group>"; };
		957FB726294ACA7A00F87C86 /* NewStep.swift */ = {isa = PBXFileReference; lastKnownFileType = sourcecode.swift; name = NewStep.swift; path = Interval/Views/NewStep.swift; sourceTree = SOURCE_ROOT; };
		958F39A6295EFC3E00B81FF1 /* testListView.swift */ = {isa = PBXFileReference; lastKnownFileType = sourcecode.swift; path = testListView.swift; sourceTree = "<group>"; };
		95ACF50B2922026E00E9B2AF /* Interval.app */ = {isa = PBXFileReference; explicitFileType = wrapper.application; includeInIndex = 0; path = Interval.app; sourceTree = BUILT_PRODUCTS_DIR; };
		95ACF50E2922026E00E9B2AF /* IntervalApp.swift */ = {isa = PBXFileReference; lastKnownFileType = sourcecode.swift; path = IntervalApp.swift; sourceTree = "<group>"; };
		95ACF5102922026E00E9B2AF /* ContentView.swift */ = {isa = PBXFileReference; lastKnownFileType = sourcecode.swift; path = ContentView.swift; sourceTree = "<group>"; };
		95ACF5122922027000E9B2AF /* Assets.xcassets */ = {isa = PBXFileReference; lastKnownFileType = folder.assetcatalog; path = Assets.xcassets; sourceTree = "<group>"; };
		95ACF5152922027000E9B2AF /* Preview Assets.xcassets */ = {isa = PBXFileReference; lastKnownFileType = folder.assetcatalog; path = "Preview Assets.xcassets"; sourceTree = "<group>"; };
		95ACF51B2922027000E9B2AF /* Interval Watch App.app */ = {isa = PBXFileReference; explicitFileType = wrapper.application; includeInIndex = 0; path = "Interval Watch App.app"; sourceTree = BUILT_PRODUCTS_DIR; };
		95ACF5202922027000E9B2AF /* IntervalApp.swift */ = {isa = PBXFileReference; lastKnownFileType = sourcecode.swift; path = IntervalApp.swift; sourceTree = "<group>"; };
		95ACF5222922027000E9B2AF /* ContentView.swift */ = {isa = PBXFileReference; lastKnownFileType = sourcecode.swift; path = ContentView.swift; sourceTree = "<group>"; };
		95ACF5242922027100E9B2AF /* Assets.xcassets */ = {isa = PBXFileReference; lastKnownFileType = folder.assetcatalog; path = Assets.xcassets; sourceTree = "<group>"; };
		95ACF5272922027100E9B2AF /* Preview Assets.xcassets */ = {isa = PBXFileReference; lastKnownFileType = folder.assetcatalog; path = "Preview Assets.xcassets"; sourceTree = "<group>"; };
		95CABB03292E8C33006E7AAE /* AddView.swift */ = {isa = PBXFileReference; lastKnownFileType = sourcecode.swift; path = AddView.swift; sourceTree = "<group>"; };
		95ECF4812944F2F70021CCD1 /* Interval.xcdatamodel */ = {isa = PBXFileReference; lastKnownFileType = wrapper.xcdatamodel; path = Interval.xcdatamodel; sourceTree = "<group>"; };
/* End PBXFileReference section */

/* Begin PBXFrameworksBuildPhase section */
		95ACF5082922026E00E9B2AF /* Frameworks */ = {
			isa = PBXFrameworksBuildPhase;
			buildActionMask = 2147483647;
			files = (
			);
			runOnlyForDeploymentPostprocessing = 0;
		};
		95ACF5182922027000E9B2AF /* Frameworks */ = {
			isa = PBXFrameworksBuildPhase;
			buildActionMask = 2147483647;
			files = (
			);
			runOnlyForDeploymentPostprocessing = 0;
		};
/* End PBXFrameworksBuildPhase section */

/* Begin PBXGroup section */
		95528121294AC5E6008B67CF /* ViewModels */ = {
			isa = PBXGroup;
			children = (
				95528122294AC605008B67CF /* AddView_VM.swift */,
				950FAAB6295321A0001C86E5 /* DetailView_VM.swift */,
			);
			path = ViewModels;
			sourceTree = "<group>";
		};
		95ACF5022922026E00E9B2AF = {
			isa = PBXGroup;
			children = (
				95ACF50D2922026E00E9B2AF /* Interval */,
				95ACF51F2922027000E9B2AF /* Interval Watch App */,
				95ACF50C2922026E00E9B2AF /* Products */,
			);
			sourceTree = "<group>";
		};
		95ACF50C2922026E00E9B2AF /* Products */ = {
			isa = PBXGroup;
			children = (
				95ACF50B2922026E00E9B2AF /* Interval.app */,
				95ACF51B2922027000E9B2AF /* Interval Watch App.app */,
			);
			name = Products;
			sourceTree = "<group>";
		};
		95ACF50D2922026E00E9B2AF /* Interval */ = {
			isa = PBXGroup;
			children = (
				95ECF4802944F2F70021CCD1 /* Interval.xcdatamodeld */,
				956F3CF62946C0DC00C79B7B /* DataController.swift */,
				95ACF50E2922026E00E9B2AF /* IntervalApp.swift */,
				95ACF5342922050B00E9B2AF /* Models */,
				95528121294AC5E6008B67CF /* ViewModels */,
				95ACF532292202E800E9B2AF /* Views */,
				95ACF5122922027000E9B2AF /* Assets.xcassets */,
				95ACF5142922027000E9B2AF /* Preview Content */,
			);
			path = Interval;
			sourceTree = "<group>";
		};
		95ACF5142922027000E9B2AF /* Preview Content */ = {
			isa = PBXGroup;
			children = (
				95ACF5152922027000E9B2AF /* Preview Assets.xcassets */,
			);
			path = "Preview Content";
			sourceTree = "<group>";
		};
		95ACF51F2922027000E9B2AF /* Interval Watch App */ = {
			isa = PBXGroup;
			children = (
				95ACF5202922027000E9B2AF /* IntervalApp.swift */,
				95ACF5222922027000E9B2AF /* ContentView.swift */,
				95ACF5242922027100E9B2AF /* Assets.xcassets */,
				95ACF5262922027100E9B2AF /* Preview Content */,
			);
			path = "Interval Watch App";
			sourceTree = "<group>";
		};
		95ACF5262922027100E9B2AF /* Preview Content */ = {
			isa = PBXGroup;
			children = (
				95ACF5272922027100E9B2AF /* Preview Assets.xcassets */,
			);
			path = "Preview Content";
			sourceTree = "<group>";
		};
		95ACF532292202E800E9B2AF /* Views */ = {
			isa = PBXGroup;
			children = (
				95ACF5102922026E00E9B2AF /* ContentView.swift */,
				95CABB03292E8C33006E7AAE /* AddView.swift */,
				9506F83429328F0200E20F83 /* DetailView.swift */,
				95615795295EA50C00EBD61D /* EditStepView.swift */,
				958F39A6295EFC3E00B81FF1 /* testListView.swift */,
			);
			path = Views;
			sourceTree = "<group>";
		};
		95ACF5342922050B00E9B2AF /* Models */ = {
			isa = PBXGroup;
			children = (
				957FB726294ACA7A00F87C86 /* NewStep.swift */,
				956F3D042946CAFE00C79B7B /* Step+CoreDataClass.swift */,
				956F3D052946CAFE00C79B7B /* Step+CoreDataProperties.swift */,
				956F3D062946CAFE00C79B7B /* Workout+CoreDataClass.swift */,
				956F3D072946CAFE00C79B7B /* Workout+CoreDataProperties.swift */,
			);
			path = Models;
			sourceTree = "<group>";
		};
/* End PBXGroup section */

/* Begin PBXNativeTarget section */
		95ACF50A2922026E00E9B2AF /* Interval */ = {
			isa = PBXNativeTarget;
			buildConfigurationList = 95ACF52F2922027100E9B2AF /* Build configuration list for PBXNativeTarget "Interval" */;
			buildPhases = (
				95ACF5072922026E00E9B2AF /* Sources */,
				95ACF5082922026E00E9B2AF /* Frameworks */,
				95ACF5092922026E00E9B2AF /* Resources */,
				95ACF52E2922027100E9B2AF /* Embed Watch Content */,
			);
			buildRules = (
			);
			dependencies = (
				95ACF51E2922027000E9B2AF /* PBXTargetDependency */,
			);
			name = Interval;
			productName = Interval;
			productReference = 95ACF50B2922026E00E9B2AF /* Interval.app */;
			productType = "com.apple.product-type.application";
		};
		95ACF51A2922027000E9B2AF /* Interval Watch App */ = {
			isa = PBXNativeTarget;
			buildConfigurationList = 95ACF52B2922027100E9B2AF /* Build configuration list for PBXNativeTarget "Interval Watch App" */;
			buildPhases = (
				95ACF5172922027000E9B2AF /* Sources */,
				95ACF5182922027000E9B2AF /* Frameworks */,
				95ACF5192922027000E9B2AF /* Resources */,
			);
			buildRules = (
			);
			dependencies = (
			);
			name = "Interval Watch App";
			productName = "Interval Watch App";
			productReference = 95ACF51B2922027000E9B2AF /* Interval Watch App.app */;
			productType = "com.apple.product-type.application";
		};
/* End PBXNativeTarget section */

/* Begin PBXProject section */
		95ACF5032922026E00E9B2AF /* Project object */ = {
			isa = PBXProject;
			attributes = {
				BuildIndependentTargetsInParallel = 1;
				LastSwiftUpdateCheck = 1410;
				LastUpgradeCheck = 1410;
				TargetAttributes = {
					95ACF50A2922026E00E9B2AF = {
						CreatedOnToolsVersion = 14.1;
					};
					95ACF51A2922027000E9B2AF = {
						CreatedOnToolsVersion = 14.1;
					};
				};
			};
			buildConfigurationList = 95ACF5062922026E00E9B2AF /* Build configuration list for PBXProject "Interval" */;
			compatibilityVersion = "Xcode 14.0";
			developmentRegion = en;
			hasScannedForEncodings = 0;
			knownRegions = (
				en,
				Base,
			);
			mainGroup = 95ACF5022922026E00E9B2AF;
			productRefGroup = 95ACF50C2922026E00E9B2AF /* Products */;
			projectDirPath = "";
			projectRoot = "";
			targets = (
				95ACF50A2922026E00E9B2AF /* Interval */,
				95ACF51A2922027000E9B2AF /* Interval Watch App */,
			);
		};
/* End PBXProject section */

/* Begin PBXResourcesBuildPhase section */
		95ACF5092922026E00E9B2AF /* Resources */ = {
			isa = PBXResourcesBuildPhase;
			buildActionMask = 2147483647;
			files = (
				95ACF5162922027000E9B2AF /* Preview Assets.xcassets in Resources */,
				95ACF5132922027000E9B2AF /* Assets.xcassets in Resources */,
			);
			runOnlyForDeploymentPostprocessing = 0;
		};
		95ACF5192922027000E9B2AF /* Resources */ = {
			isa = PBXResourcesBuildPhase;
			buildActionMask = 2147483647;
			files = (
				95ACF5282922027100E9B2AF /* Preview Assets.xcassets in Resources */,
				95ACF5252922027100E9B2AF /* Assets.xcassets in Resources */,
			);
			runOnlyForDeploymentPostprocessing = 0;
		};
/* End PBXResourcesBuildPhase section */

/* Begin PBXSourcesBuildPhase section */
		95ACF5072922026E00E9B2AF /* Sources */ = {
			isa = PBXSourcesBuildPhase;
			buildActionMask = 2147483647;
			files = (
				950FAAB7295321A0001C86E5 /* DetailView_VM.swift in Sources */,
				95CABB04292E8C33006E7AAE /* AddView.swift in Sources */,
				95ACF5112922026E00E9B2AF /* ContentView.swift in Sources */,
				957FB727294ACA7A00F87C86 /* NewStep.swift in Sources */,
				958F39A7295EFC3E00B81FF1 /* testListView.swift in Sources */,
				95ACF50F2922026E00E9B2AF /* IntervalApp.swift in Sources */,
				9506F83529328F0200E20F83 /* DetailView.swift in Sources */,
				956F3D0A2946CAFE00C79B7B /* Workout+CoreDataClass.swift in Sources */,
				956F3D082946CAFE00C79B7B /* Step+CoreDataClass.swift in Sources */,
				956F3D0B2946CAFE00C79B7B /* Workout+CoreDataProperties.swift in Sources */,
				95615796295EA50C00EBD61D /* EditStepView.swift in Sources */,
				956F3CF72946C0DC00C79B7B /* DataController.swift in Sources */,
				95ECF4822944F2F70021CCD1 /* Interval.xcdatamodeld in Sources */,
				95528123294AC605008B67CF /* AddView_VM.swift in Sources */,
				956F3D092946CAFE00C79B7B /* Step+CoreDataProperties.swift in Sources */,
			);
			runOnlyForDeploymentPostprocessing = 0;
		};
		95ACF5172922027000E9B2AF /* Sources */ = {
			isa = PBXSourcesBuildPhase;
			buildActionMask = 2147483647;
			files = (
				95ACF5232922027000E9B2AF /* ContentView.swift in Sources */,
				95ACF5212922027000E9B2AF /* IntervalApp.swift in Sources */,
			);
			runOnlyForDeploymentPostprocessing = 0;
		};
/* End PBXSourcesBuildPhase section */

/* Begin PBXTargetDependency section */
		95ACF51E2922027000E9B2AF /* PBXTargetDependency */ = {
			isa = PBXTargetDependency;
			target = 95ACF51A2922027000E9B2AF /* Interval Watch App */;
			targetProxy = 95ACF51D2922027000E9B2AF /* PBXContainerItemProxy */;
		};
/* End PBXTargetDependency section */

/* Begin XCBuildConfiguration section */
		95ACF5292922027100E9B2AF /* Debug */ = {
			isa = XCBuildConfiguration;
			buildSettings = {
				ALWAYS_SEARCH_USER_PATHS = NO;
				CLANG_ANALYZER_NONNULL = YES;
				CLANG_ANALYZER_NUMBER_OBJECT_CONVERSION = YES_AGGRESSIVE;
				CLANG_CXX_LANGUAGE_STANDARD = "gnu++20";
				CLANG_ENABLE_MODULES = YES;
				CLANG_ENABLE_OBJC_ARC = YES;
				CLANG_ENABLE_OBJC_WEAK = YES;
				CLANG_WARN_BLOCK_CAPTURE_AUTORELEASING = YES;
				CLANG_WARN_BOOL_CONVERSION = YES;
				CLANG_WARN_COMMA = YES;
				CLANG_WARN_CONSTANT_CONVERSION = YES;
				CLANG_WARN_DEPRECATED_OBJC_IMPLEMENTATIONS = YES;
				CLANG_WARN_DIRECT_OBJC_ISA_USAGE = YES_ERROR;
				CLANG_WARN_DOCUMENTATION_COMMENTS = YES;
				CLANG_WARN_EMPTY_BODY = YES;
				CLANG_WARN_ENUM_CONVERSION = YES;
				CLANG_WARN_INFINITE_RECURSION = YES;
				CLANG_WARN_INT_CONVERSION = YES;
				CLANG_WARN_NON_LITERAL_NULL_CONVERSION = YES;
				CLANG_WARN_OBJC_IMPLICIT_RETAIN_SELF = YES;
				CLANG_WARN_OBJC_LITERAL_CONVERSION = YES;
				CLANG_WARN_OBJC_ROOT_CLASS = YES_ERROR;
				CLANG_WARN_QUOTED_INCLUDE_IN_FRAMEWORK_HEADER = YES;
				CLANG_WARN_RANGE_LOOP_ANALYSIS = YES;
				CLANG_WARN_STRICT_PROTOTYPES = YES;
				CLANG_WARN_SUSPICIOUS_MOVE = YES;
				CLANG_WARN_UNGUARDED_AVAILABILITY = YES_AGGRESSIVE;
				CLANG_WARN_UNREACHABLE_CODE = YES;
				CLANG_WARN__DUPLICATE_METHOD_MATCH = YES;
				COPY_PHASE_STRIP = NO;
				DEBUG_INFORMATION_FORMAT = dwarf;
				ENABLE_STRICT_OBJC_MSGSEND = YES;
				ENABLE_TESTABILITY = YES;
				GCC_C_LANGUAGE_STANDARD = gnu11;
				GCC_DYNAMIC_NO_PIC = NO;
				GCC_NO_COMMON_BLOCKS = YES;
				GCC_OPTIMIZATION_LEVEL = 0;
				GCC_PREPROCESSOR_DEFINITIONS = (
					"DEBUG=1",
					"$(inherited)",
				);
				GCC_WARN_64_TO_32_BIT_CONVERSION = YES;
				GCC_WARN_ABOUT_RETURN_TYPE = YES_ERROR;
				GCC_WARN_UNDECLARED_SELECTOR = YES;
				GCC_WARN_UNINITIALIZED_AUTOS = YES_AGGRESSIVE;
				GCC_WARN_UNUSED_FUNCTION = YES;
				GCC_WARN_UNUSED_VARIABLE = YES;
				MTL_ENABLE_DEBUG_INFO = INCLUDE_SOURCE;
				MTL_FAST_MATH = YES;
				ONLY_ACTIVE_ARCH = YES;
				SWIFT_ACTIVE_COMPILATION_CONDITIONS = DEBUG;
				SWIFT_OPTIMIZATION_LEVEL = "-Onone";
			};
			name = Debug;
		};
		95ACF52A2922027100E9B2AF /* Release */ = {
			isa = XCBuildConfiguration;
			buildSettings = {
				ALWAYS_SEARCH_USER_PATHS = NO;
				CLANG_ANALYZER_NONNULL = YES;
				CLANG_ANALYZER_NUMBER_OBJECT_CONVERSION = YES_AGGRESSIVE;
				CLANG_CXX_LANGUAGE_STANDARD = "gnu++20";
				CLANG_ENABLE_MODULES = YES;
				CLANG_ENABLE_OBJC_ARC = YES;
				CLANG_ENABLE_OBJC_WEAK = YES;
				CLANG_WARN_BLOCK_CAPTURE_AUTORELEASING = YES;
				CLANG_WARN_BOOL_CONVERSION = YES;
				CLANG_WARN_COMMA = YES;
				CLANG_WARN_CONSTANT_CONVERSION = YES;
				CLANG_WARN_DEPRECATED_OBJC_IMPLEMENTATIONS = YES;
				CLANG_WARN_DIRECT_OBJC_ISA_USAGE = YES_ERROR;
				CLANG_WARN_DOCUMENTATION_COMMENTS = YES;
				CLANG_WARN_EMPTY_BODY = YES;
				CLANG_WARN_ENUM_CONVERSION = YES;
				CLANG_WARN_INFINITE_RECURSION = YES;
				CLANG_WARN_INT_CONVERSION = YES;
				CLANG_WARN_NON_LITERAL_NULL_CONVERSION = YES;
				CLANG_WARN_OBJC_IMPLICIT_RETAIN_SELF = YES;
				CLANG_WARN_OBJC_LITERAL_CONVERSION = YES;
				CLANG_WARN_OBJC_ROOT_CLASS = YES_ERROR;
				CLANG_WARN_QUOTED_INCLUDE_IN_FRAMEWORK_HEADER = YES;
				CLANG_WARN_RANGE_LOOP_ANALYSIS = YES;
				CLANG_WARN_STRICT_PROTOTYPES = YES;
				CLANG_WARN_SUSPICIOUS_MOVE = YES;
				CLANG_WARN_UNGUARDED_AVAILABILITY = YES_AGGRESSIVE;
				CLANG_WARN_UNREACHABLE_CODE = YES;
				CLANG_WARN__DUPLICATE_METHOD_MATCH = YES;
				COPY_PHASE_STRIP = NO;
				DEBUG_INFORMATION_FORMAT = "dwarf-with-dsym";
				ENABLE_NS_ASSERTIONS = NO;
				ENABLE_STRICT_OBJC_MSGSEND = YES;
				GCC_C_LANGUAGE_STANDARD = gnu11;
				GCC_NO_COMMON_BLOCKS = YES;
				GCC_WARN_64_TO_32_BIT_CONVERSION = YES;
				GCC_WARN_ABOUT_RETURN_TYPE = YES_ERROR;
				GCC_WARN_UNDECLARED_SELECTOR = YES;
				GCC_WARN_UNINITIALIZED_AUTOS = YES_AGGRESSIVE;
				GCC_WARN_UNUSED_FUNCTION = YES;
				GCC_WARN_UNUSED_VARIABLE = YES;
				MTL_ENABLE_DEBUG_INFO = NO;
				MTL_FAST_MATH = YES;
				SWIFT_COMPILATION_MODE = wholemodule;
				SWIFT_OPTIMIZATION_LEVEL = "-O";
			};
			name = Release;
		};
		95ACF52C2922027100E9B2AF /* Debug */ = {
			isa = XCBuildConfiguration;
			buildSettings = {
				ASSETCATALOG_COMPILER_APPICON_NAME = AppIcon;
				ASSETCATALOG_COMPILER_GLOBAL_ACCENT_COLOR_NAME = AccentColor;
				CODE_SIGN_STYLE = Automatic;
				CURRENT_PROJECT_VERSION = 1;
				DEVELOPMENT_ASSET_PATHS = "\"Interval Watch App/Preview Content\"";
				ENABLE_PREVIEWS = YES;
				GENERATE_INFOPLIST_FILE = YES;
				INFOPLIST_KEY_CFBundleDisplayName = Interval;
				INFOPLIST_KEY_UISupportedInterfaceOrientations = "UIInterfaceOrientationPortrait UIInterfaceOrientationPortraitUpsideDown";
				INFOPLIST_KEY_WKCompanionAppBundleIdentifier = com.Interval.Interval;
				LD_RUNPATH_SEARCH_PATHS = (
					"$(inherited)",
					"@executable_path/Frameworks",
				);
				MARKETING_VERSION = 1.0;
				PRODUCT_BUNDLE_IDENTIFIER = com.Interval.Interval.watchkitapp;
				PRODUCT_NAME = "$(TARGET_NAME)";
				SDKROOT = watchos;
				SKIP_INSTALL = YES;
				SWIFT_EMIT_LOC_STRINGS = YES;
				SWIFT_VERSION = 5.0;
				TARGETED_DEVICE_FAMILY = 4;
				WATCHOS_DEPLOYMENT_TARGET = 9.1;
			};
			name = Debug;
		};
		95ACF52D2922027100E9B2AF /* Release */ = {
			isa = XCBuildConfiguration;
			buildSettings = {
				ASSETCATALOG_COMPILER_APPICON_NAME = AppIcon;
				ASSETCATALOG_COMPILER_GLOBAL_ACCENT_COLOR_NAME = AccentColor;
				CODE_SIGN_STYLE = Automatic;
				CURRENT_PROJECT_VERSION = 1;
				DEVELOPMENT_ASSET_PATHS = "\"Interval Watch App/Preview Content\"";
				ENABLE_PREVIEWS = YES;
				GENERATE_INFOPLIST_FILE = YES;
				INFOPLIST_KEY_CFBundleDisplayName = Interval;
				INFOPLIST_KEY_UISupportedInterfaceOrientations = "UIInterfaceOrientationPortrait UIInterfaceOrientationPortraitUpsideDown";
				INFOPLIST_KEY_WKCompanionAppBundleIdentifier = com.Interval.Interval;
				LD_RUNPATH_SEARCH_PATHS = (
					"$(inherited)",
					"@executable_path/Frameworks",
				);
				MARKETING_VERSION = 1.0;
				PRODUCT_BUNDLE_IDENTIFIER = com.Interval.Interval.watchkitapp;
				PRODUCT_NAME = "$(TARGET_NAME)";
				SDKROOT = watchos;
				SKIP_INSTALL = YES;
				SWIFT_EMIT_LOC_STRINGS = YES;
				SWIFT_VERSION = 5.0;
				TARGETED_DEVICE_FAMILY = 4;
				VALIDATE_PRODUCT = YES;
				WATCHOS_DEPLOYMENT_TARGET = 9.1;
			};
			name = Release;
		};
		95ACF5302922027100E9B2AF /* Debug */ = {
			isa = XCBuildConfiguration;
			buildSettings = {
				ALWAYS_EMBED_SWIFT_STANDARD_LIBRARIES = YES;
				ASSETCATALOG_COMPILER_APPICON_NAME = AppIcon;
				ASSETCATALOG_COMPILER_GLOBAL_ACCENT_COLOR_NAME = AccentColor;
				CODE_SIGN_STYLE = Automatic;
				CURRENT_PROJECT_VERSION = 1;
				DEVELOPMENT_ASSET_PATHS = "\"Interval/Preview Content\"";
				ENABLE_PREVIEWS = YES;
				GENERATE_INFOPLIST_FILE = YES;
				INFOPLIST_KEY_CFBundleDisplayName = Interval;
				INFOPLIST_KEY_UIApplicationSceneManifest_Generation = YES;
				INFOPLIST_KEY_UIApplicationSupportsIndirectInputEvents = YES;
				INFOPLIST_KEY_UILaunchScreen_Generation = YES;
				INFOPLIST_KEY_UISupportedInterfaceOrientations_iPad = "UIInterfaceOrientationPortrait UIInterfaceOrientationPortraitUpsideDown UIInterfaceOrientationLandscapeLeft UIInterfaceOrientationLandscapeRight";
				INFOPLIST_KEY_UISupportedInterfaceOrientations_iPhone = "UIInterfaceOrientationPortrait UIInterfaceOrientationLandscapeLeft UIInterfaceOrientationLandscapeRight";
				IPHONEOS_DEPLOYMENT_TARGET = 16.1;
				LD_RUNPATH_SEARCH_PATHS = (
					"$(inherited)",
					"@executable_path/Frameworks",
				);
				MARKETING_VERSION = 1.0;
				PRODUCT_BUNDLE_IDENTIFIER = com.Interval.Interval;
				PRODUCT_NAME = "$(TARGET_NAME)";
				SDKROOT = iphoneos;
				SWIFT_EMIT_LOC_STRINGS = YES;
				SWIFT_VERSION = 5.0;
				TARGETED_DEVICE_FAMILY = "1,2";
			};
			name = Debug;
		};
		95ACF5312922027100E9B2AF /* Release */ = {
			isa = XCBuildConfiguration;
			buildSettings = {
				ALWAYS_EMBED_SWIFT_STANDARD_LIBRARIES = YES;
				ASSETCATALOG_COMPILER_APPICON_NAME = AppIcon;
				ASSETCATALOG_COMPILER_GLOBAL_ACCENT_COLOR_NAME = AccentColor;
				CODE_SIGN_STYLE = Automatic;
				CURRENT_PROJECT_VERSION = 1;
				DEVELOPMENT_ASSET_PATHS = "\"Interval/Preview Content\"";
				ENABLE_PREVIEWS = YES;
				GENERATE_INFOPLIST_FILE = YES;
				INFOPLIST_KEY_CFBundleDisplayName = Interval;
				INFOPLIST_KEY_UIApplicationSceneManifest_Generation = YES;
				INFOPLIST_KEY_UIApplicationSupportsIndirectInputEvents = YES;
				INFOPLIST_KEY_UILaunchScreen_Generation = YES;
				INFOPLIST_KEY_UISupportedInterfaceOrientations_iPad = "UIInterfaceOrientationPortrait UIInterfaceOrientationPortraitUpsideDown UIInterfaceOrientationLandscapeLeft UIInterfaceOrientationLandscapeRight";
				INFOPLIST_KEY_UISupportedInterfaceOrientations_iPhone = "UIInterfaceOrientationPortrait UIInterfaceOrientationLandscapeLeft UIInterfaceOrientationLandscapeRight";
				IPHONEOS_DEPLOYMENT_TARGET = 16.1;
				LD_RUNPATH_SEARCH_PATHS = (
					"$(inherited)",
					"@executable_path/Frameworks",
				);
				MARKETING_VERSION = 1.0;
				PRODUCT_BUNDLE_IDENTIFIER = com.Interval.Interval;
				PRODUCT_NAME = "$(TARGET_NAME)";
				SDKROOT = iphoneos;
				SWIFT_EMIT_LOC_STRINGS = YES;
				SWIFT_VERSION = 5.0;
				TARGETED_DEVICE_FAMILY = "1,2";
				VALIDATE_PRODUCT = YES;
			};
			name = Release;
		};
/* End XCBuildConfiguration section */

/* Begin XCConfigurationList section */
		95ACF5062922026E00E9B2AF /* Build configuration list for PBXProject "Interval" */ = {
			isa = XCConfigurationList;
			buildConfigurations = (
				95ACF5292922027100E9B2AF /* Debug */,
				95ACF52A2922027100E9B2AF /* Release */,
			);
			defaultConfigurationIsVisible = 0;
			defaultConfigurationName = Release;
		};
		95ACF52B2922027100E9B2AF /* Build configuration list for PBXNativeTarget "Interval Watch App" */ = {
			isa = XCConfigurationList;
			buildConfigurations = (
				95ACF52C2922027100E9B2AF /* Debug */,
				95ACF52D2922027100E9B2AF /* Release */,
			);
			defaultConfigurationIsVisible = 0;
			defaultConfigurationName = Release;
		};
		95ACF52F2922027100E9B2AF /* Build configuration list for PBXNativeTarget "Interval" */ = {
			isa = XCConfigurationList;
			buildConfigurations = (
				95ACF5302922027100E9B2AF /* Debug */,
				95ACF5312922027100E9B2AF /* Release */,
			);
			defaultConfigurationIsVisible = 0;
			defaultConfigurationName = Release;
		};
/* End XCConfigurationList section */

/* Begin XCVersionGroup section */
		95ECF4802944F2F70021CCD1 /* Interval.xcdatamodeld */ = {
			isa = XCVersionGroup;
			children = (
				95ECF4812944F2F70021CCD1 /* Interval.xcdatamodel */,
			);
			currentVersion = 95ECF4812944F2F70021CCD1 /* Interval.xcdatamodel */;
			name = Interval.xcdatamodeld;
			path = Views/Interval.xcdatamodeld;
			sourceTree = "<group>";
			versionGroupType = wrapper.xcdatamodel;
		};
/* End XCVersionGroup section */
	};
	rootObject = 95ACF5032922026E00E9B2AF /* Project object */;
}
