// !$*UTF8*$!
{
	archiveVersion = 1;
	classes = {
	};
	objectVersion = 56;
	objects = {

/* Begin PBXBuildFile section */
		9506F83529328F0200E20F83 /* DetailView.swift in Sources */ = {isa = PBXBuildFile; fileRef = 9506F83429328F0200E20F83 /* DetailView.swift */; };
		95281FC129D3CDEB00DE7ED1 /* Step.swift in Sources */ = {isa = PBXBuildFile; fileRef = 95281FC029D3CDEB00DE7ED1 /* Step.swift */; };
		95281FC329D3ECD300DE7ED1 /* TimePicker.swift in Sources */ = {isa = PBXBuildFile; fileRef = 95281FC229D3ECD300DE7ED1 /* TimePicker.swift */; };
		95281FC629D3ED3600DE7ED1 /* DistancePicker.swift in Sources */ = {isa = PBXBuildFile; fileRef = 95281FC529D3ED3600DE7ED1 /* DistancePicker.swift */; };
		95368A32297B82DF0056C5B9 /* DataController.swift in Sources */ = {isa = PBXBuildFile; fileRef = 95368A31297B82DF0056C5B9 /* DataController.swift */; };
		959FFC0B29854B440049136E /* DetailRowView.swift in Sources */ = {isa = PBXBuildFile; fileRef = 959FFC0A29854B440049136E /* DetailRowView.swift */; };
		95A29FAD29668F88002DFA8B /* CoreDataStep.swift in Sources */ = {isa = PBXBuildFile; fileRef = 95A29FA929668F88002DFA8B /* CoreDataStep.swift */; };
		95A29FAF29668F88002DFA8B /* CoreDataWorkout.swift in Sources */ = {isa = PBXBuildFile; fileRef = 95A29FAB29668F88002DFA8B /* CoreDataWorkout.swift */; };
		95AB491B297262A900EF2225 /* WatchDetailView.swift in Sources */ = {isa = PBXBuildFile; fileRef = 95AB491A297262A900EF2225 /* WatchDetailView.swift */; };
		95ACF50F2922026E00E9B2AF /* IntervalApp.swift in Sources */ = {isa = PBXBuildFile; fileRef = 95ACF50E2922026E00E9B2AF /* IntervalApp.swift */; };
		95ACF5112922026E00E9B2AF /* ContentView.swift in Sources */ = {isa = PBXBuildFile; fileRef = 95ACF5102922026E00E9B2AF /* ContentView.swift */; };
		95ACF5132922027000E9B2AF /* Assets.xcassets in Resources */ = {isa = PBXBuildFile; fileRef = 95ACF5122922027000E9B2AF /* Assets.xcassets */; };
		95ACF5162922027000E9B2AF /* Preview Assets.xcassets in Resources */ = {isa = PBXBuildFile; fileRef = 95ACF5152922027000E9B2AF /* Preview Assets.xcassets */; };
		95ACF51C2922027000E9B2AF /* Interval Watch App.app in Embed Watch Content */ = {isa = PBXBuildFile; fileRef = 95ACF51B2922027000E9B2AF /* Interval Watch App.app */; settings = {ATTRIBUTES = (RemoveHeadersOnCopy, ); }; };
		95ACF5212922027000E9B2AF /* IntervalApp.swift in Sources */ = {isa = PBXBuildFile; fileRef = 95ACF5202922027000E9B2AF /* IntervalApp.swift */; };
		95ACF5232922027000E9B2AF /* ContentView.swift in Sources */ = {isa = PBXBuildFile; fileRef = 95ACF5222922027000E9B2AF /* ContentView.swift */; };
		95ACF5252922027100E9B2AF /* Assets.xcassets in Resources */ = {isa = PBXBuildFile; fileRef = 95ACF5242922027100E9B2AF /* Assets.xcassets */; };
		95ACF5282922027100E9B2AF /* Preview Assets.xcassets in Resources */ = {isa = PBXBuildFile; fileRef = 95ACF5272922027100E9B2AF /* Preview Assets.xcassets */; };
		95BE040829C94AA800EDD8CE /* FormView.swift in Sources */ = {isa = PBXBuildFile; fileRef = 95BE040729C94AA800EDD8CE /* FormView.swift */; };
		95CABB04292E8C33006E7AAE /* EditView.swift in Sources */ = {isa = PBXBuildFile; fileRef = 95CABB03292E8C33006E7AAE /* EditView.swift */; };
		95D04F29299F1F2F00839875 /* CreateView.swift in Sources */ = {isa = PBXBuildFile; fileRef = 95D04F28299F1F2F00839875 /* CreateView.swift */; };
		95D1365129DED9B0002412FE /* PacePicker.swift in Sources */ = {isa = PBXBuildFile; fileRef = 95D1365029DED9B0002412FE /* PacePicker.swift */; };
		95DE46A1297E40DD0061E507 /* NoDataView.swift in Sources */ = {isa = PBXBuildFile; fileRef = 95DE46A0297E40DD0061E507 /* NoDataView.swift */; };
		95ECF4822944F2F70021CCD1 /* Interval.xcdatamodeld in Sources */ = {isa = PBXBuildFile; fileRef = 95ECF4802944F2F70021CCD1 /* Interval.xcdatamodeld */; };
		95FC2AC929E917C600580005 /* Workout.swift in Sources */ = {isa = PBXBuildFile; fileRef = 95FC2AC829E917C600580005 /* Workout.swift */; };
/* End PBXBuildFile section */

/* Begin PBXContainerItemProxy section */
		95ACF51D2922027000E9B2AF /* PBXContainerItemProxy */ = {
			isa = PBXContainerItemProxy;
			containerPortal = 95ACF5032922026E00E9B2AF /* Project object */;
			proxyType = 1;
			remoteGlobalIDString = 95ACF51A2922027000E9B2AF;
			remoteInfo = "Interval Watch App";
		};
/* End PBXContainerItemProxy section */

/* Begin PBXCopyFilesBuildPhase section */
		95ACF52E2922027100E9B2AF /* Embed Watch Content */ = {
			isa = PBXCopyFilesBuildPhase;
			buildActionMask = 2147483647;
			dstPath = "$(CONTENTS_FOLDER_PATH)/Watch";
			dstSubfolderSpec = 16;
			files = (
				95ACF51C2922027000E9B2AF /* Interval Watch App.app in Embed Watch Content */,
			);
			name = "Embed Watch Content";
			runOnlyForDeploymentPostprocessing = 0;
		};
/* End PBXCopyFilesBuildPhase section */

/* Begin PBXFileReference section */
		9506F83429328F0200E20F83 /* DetailView.swift */ = {isa = PBXFileReference; lastKnownFileType = sourcecode.swift; path = DetailView.swift; sourceTree = "<group>"; };
		95281FC029D3CDEB00DE7ED1 /* Step.swift */ = {isa = PBXFileReference; lastKnownFileType = sourcecode.swift; path = Step.swift; sourceTree = "<group>"; };
		95281FC229D3ECD300DE7ED1 /* TimePicker.swift */ = {isa = PBXFileReference; lastKnownFileType = sourcecode.swift; path = TimePicker.swift; sourceTree = "<group>"; };
		95281FC529D3ED3600DE7ED1 /* DistancePicker.swift */ = {isa = PBXFileReference; lastKnownFileType = sourcecode.swift; path = DistancePicker.swift; sourceTree = "<group>"; };
		95368A31297B82DF0056C5B9 /* DataController.swift */ = {isa = PBXFileReference; lastKnownFileType = sourcecode.swift; path = DataController.swift; sourceTree = "<group>"; };
		959FFC0A29854B440049136E /* DetailRowView.swift */ = {isa = PBXFileReference; lastKnownFileType = sourcecode.swift; path = DetailRowView.swift; sourceTree = "<group>"; };
		95A29FA929668F88002DFA8B /* CoreDataStep.swift */ = {isa = PBXFileReference; lastKnownFileType = sourcecode.swift; path = CoreDataStep.swift; sourceTree = "<group>"; };
		95A29FAB29668F88002DFA8B /* CoreDataWorkout.swift */ = {isa = PBXFileReference; lastKnownFileType = sourcecode.swift; path = CoreDataWorkout.swift; sourceTree = "<group>"; };
		95AB491A297262A900EF2225 /* WatchDetailView.swift */ = {isa = PBXFileReference; lastKnownFileType = sourcecode.swift; path = WatchDetailView.swift; sourceTree = "<group>"; };
		95ACF50B2922026E00E9B2AF /* Interval.app */ = {isa = PBXFileReference; explicitFileType = wrapper.application; includeInIndex = 0; path = Interval.app; sourceTree = BUILT_PRODUCTS_DIR; };
		95ACF50E2922026E00E9B2AF /* IntervalApp.swift */ = {isa = PBXFileReference; lastKnownFileType = sourcecode.swift; path = IntervalApp.swift; sourceTree = "<group>"; };
		95ACF5102922026E00E9B2AF /* ContentView.swift */ = {isa = PBXFileReference; lastKnownFileType = sourcecode.swift; path = ContentView.swift; sourceTree = "<group>"; };
		95ACF5122922027000E9B2AF /* Assets.xcassets */ = {isa = PBXFileReference; lastKnownFileType = folder.assetcatalog; path = Assets.xcassets; sourceTree = "<group>"; };
		95ACF5152922027000E9B2AF /* Preview Assets.xcassets */ = {isa = PBXFileReference; lastKnownFileType = folder.assetcatalog; path = "Preview Assets.xcassets"; sourceTree = "<group>"; };
		95ACF51B2922027000E9B2AF /* Interval Watch App.app */ = {isa = PBXFileReference; explicitFileType = wrapper.application; includeInIndex = 0; path = "Interval Watch App.app"; sourceTree = BUILT_PRODUCTS_DIR; };
		95ACF5202922027000E9B2AF /* IntervalApp.swift */ = {isa = PBXFileReference; lastKnownFileType = sourcecode.swift; path = IntervalApp.swift; sourceTree = "<group>"; };
		95ACF5222922027000E9B2AF /* ContentView.swift */ = {isa = PBXFileReference; lastKnownFileType = sourcecode.swift; path = ContentView.swift; sourceTree = "<group>"; };
		95ACF5242922027100E9B2AF /* Assets.xcassets */ = {isa = PBXFileReference; lastKnownFileType = folder.assetcatalog; path = Assets.xcassets; sourceTree = "<group>"; };
		95ACF5272922027100E9B2AF /* Preview Assets.xcassets */ = {isa = PBXFileReference; lastKnownFileType = folder.assetcatalog; path = "Preview Assets.xcassets"; sourceTree = "<group>"; };
		95BE040729C94AA800EDD8CE /* FormView.swift */ = {isa = PBXFileReference; lastKnownFileType = sourcecode.swift; path = FormView.swift; sourceTree = "<group>"; };
		95CABB03292E8C33006E7AAE /* EditView.swift */ = {isa = PBXFileReference; lastKnownFileType = sourcecode.swift; path = EditView.swift; sourceTree = "<group>"; };
		95D04F28299F1F2F00839875 /* CreateView.swift */ = {isa = PBXFileReference; lastKnownFileType = sourcecode.swift; path = CreateView.swift; sourceTree = "<group>"; };
		95D1365029DED9B0002412FE /* PacePicker.swift */ = {isa = PBXFileReference; lastKnownFileType = sourcecode.swift; path = PacePicker.swift; sourceTree = "<group>"; };
		95DE46A0297E40DD0061E507 /* NoDataView.swift */ = {isa = PBXFileReference; lastKnownFileType = sourcecode.swift; path = NoDataView.swift; sourceTree = "<group>"; };
		95ECF4812944F2F70021CCD1 /* Interval.xcdatamodel */ = {isa = PBXFileReference; lastKnownFileType = wrapper.xcdatamodel; path = Interval.xcdatamodel; sourceTree = "<group>"; };
		95FC2AC829E917C600580005 /* Workout.swift */ = {isa = PBXFileReference; lastKnownFileType = sourcecode.swift; path = Workout.swift; sourceTree = "<group>"; };
/* End PBXFileReference section */

/* Begin PBXFrameworksBuildPhase section */
		95ACF5082922026E00E9B2AF /* Frameworks */ = {
			isa = PBXFrameworksBuildPhase;
			buildActionMask = 2147483647;
			files = (
			);
			runOnlyForDeploymentPostprocessing = 0;
		};
		95ACF5182922027000E9B2AF /* Frameworks */ = {
			isa = PBXFrameworksBuildPhase;
			buildActionMask = 2147483647;
			files = (
			);
			runOnlyForDeploymentPostprocessing = 0;
		};
/* End PBXFrameworksBuildPhase section */

/* Begin PBXGroup section */
		95281FC429D3ED0300DE7ED1 /* Pickers */ = {
			isa = PBXGroup;
			children = (
				95281FC229D3ECD300DE7ED1 /* TimePicker.swift */,
				95281FC529D3ED3600DE7ED1 /* DistancePicker.swift */,
				95D1365029DED9B0002412FE /* PacePicker.swift */,
			);
			path = Pickers;
			sourceTree = "<group>";
		};
		95ACF5022922026E00E9B2AF = {
			isa = PBXGroup;
			children = (
				95ACF50D2922026E00E9B2AF /* Interval */,
				95ACF51F2922027000E9B2AF /* Interval Watch App */,
				95ACF50C2922026E00E9B2AF /* Products */,
			);
			sourceTree = "<group>";
		};
		95ACF50C2922026E00E9B2AF /* Products */ = {
			isa = PBXGroup;
			children = (
				95ACF50B2922026E00E9B2AF /* Interval.app */,
				95ACF51B2922027000E9B2AF /* Interval Watch App.app */,
			);
			name = Products;
			sourceTree = "<group>";
		};
		95ACF50D2922026E00E9B2AF /* Interval */ = {
			isa = PBXGroup;
			children = (
				95ECF4802944F2F70021CCD1 /* Interval.xcdatamodeld */,
				95368A31297B82DF0056C5B9 /* DataController.swift */,
				95ACF50E2922026E00E9B2AF /* IntervalApp.swift */,
				95ACF5342922050B00E9B2AF /* Models */,
				95ACF532292202E800E9B2AF /* Views */,
				95ACF5122922027000E9B2AF /* Assets.xcassets */,
				95ACF5142922027000E9B2AF /* Preview Content */,
			);
			path = Interval;
			sourceTree = "<group>";
		};
		95ACF5142922027000E9B2AF /* Preview Content */ = {
			isa = PBXGroup;
			children = (
				95ACF5152922027000E9B2AF /* Preview Assets.xcassets */,
			);
			path = "Preview Content";
			sourceTree = "<group>";
		};
		95ACF51F2922027000E9B2AF /* Interval Watch App */ = {
			isa = PBXGroup;
			children = (
				95ACF5202922027000E9B2AF /* IntervalApp.swift */,
				95ACF5222922027000E9B2AF /* ContentView.swift */,
				95AB491A297262A900EF2225 /* WatchDetailView.swift */,
				95ACF5242922027100E9B2AF /* Assets.xcassets */,
				95ACF5262922027100E9B2AF /* Preview Content */,
			);
			path = "Interval Watch App";
			sourceTree = "<group>";
		};
		95ACF5262922027100E9B2AF /* Preview Content */ = {
			isa = PBXGroup;
			children = (
				95ACF5272922027100E9B2AF /* Preview Assets.xcassets */,
			);
			path = "Preview Content";
			sourceTree = "<group>";
		};
		95ACF532292202E800E9B2AF /* Views */ = {
			isa = PBXGroup;
			children = (
				95ACF5102922026E00E9B2AF /* ContentView.swift */,
				95DE46A0297E40DD0061E507 /* NoDataView.swift */,
				9506F83429328F0200E20F83 /* DetailView.swift */,
				959FFC0A29854B440049136E /* DetailRowView.swift */,
				95D04F27299F1E1E00839875 /* Create */,
				95B7EAA4297A53D800619661 /* Edit */,
			);
			path = Views;
			sourceTree = "<group>";
		};
		95ACF5342922050B00E9B2AF /* Models */ = {
			isa = PBXGroup;
			children = (
				95A29FA929668F88002DFA8B /* CoreDataStep.swift */,
				95A29FAB29668F88002DFA8B /* CoreDataWorkout.swift */,
				95281FC029D3CDEB00DE7ED1 /* Step.swift */,
				95FC2AC829E917C600580005 /* Workout.swift */,
			);
			path = Models;
			sourceTree = "<group>";
		};
		95B7EAA4297A53D800619661 /* Edit */ = {
			isa = PBXGroup;
			children = (
				95CABB03292E8C33006E7AAE /* EditView.swift */,
			);
			path = Edit;
			sourceTree = "<group>";
		};
		95D04F27299F1E1E00839875 /* Create */ = {
			isa = PBXGroup;
			children = (
				95D04F28299F1F2F00839875 /* CreateView.swift */,
				95BE040729C94AA800EDD8CE /* FormView.swift */,
				95281FC429D3ED0300DE7ED1 /* Pickers */,
			);
			path = Create;
			sourceTree = "<group>";
		};
/* End PBXGroup section */

/* Begin PBXNativeTarget section */
		95ACF50A2922026E00E9B2AF /* Interval */ = {
			isa = PBXNativeTarget;
			buildConfigurationList = 95ACF52F2922027100E9B2AF /* Build configuration list for PBXNativeTarget "Interval" */;
			buildPhases = (
				95ACF5072922026E00E9B2AF /* Sources */,
				95ACF5082922026E00E9B2AF /* Frameworks */,
				95ACF5092922026E00E9B2AF /* Resources */,
				95ACF52E2922027100E9B2AF /* Embed Watch Content */,
			);
			buildRules = (
			);
			dependencies = (
				95ACF51E2922027000E9B2AF /* PBXTargetDependency */,
			);
			name = Interval;
			productName = Interval;
			productReference = 95ACF50B2922026E00E9B2AF /* Interval.app */;
			productType = "com.apple.product-type.application";
		};
		95ACF51A2922027000E9B2AF /* Interval Watch App */ = {
			isa = PBXNativeTarget;
			buildConfigurationList = 95ACF52B2922027100E9B2AF /* Build configuration list for PBXNativeTarget "Interval Watch App" */;
			buildPhases = (
				95ACF5172922027000E9B2AF /* Sources */,
				95ACF5182922027000E9B2AF /* Frameworks */,
				95ACF5192922027000E9B2AF /* Resources */,
			);
			buildRules = (
			);
			dependencies = (
			);
			name = "Interval Watch App";
			productName = "Interval Watch App";
			productReference = 95ACF51B2922027000E9B2AF /* Interval Watch App.app */;
			productType = "com.apple.product-type.application";
		};
/* End PBXNativeTarget section */

/* Begin PBXProject section */
		95ACF5032922026E00E9B2AF /* Project object */ = {
			isa = PBXProject;
			attributes = {
				BuildIndependentTargetsInParallel = 1;
				LastSwiftUpdateCheck = 1410;
				LastUpgradeCheck = 1410;
				TargetAttributes = {
					95ACF50A2922026E00E9B2AF = {
						CreatedOnToolsVersion = 14.1;
					};
					95ACF51A2922027000E9B2AF = {
						CreatedOnToolsVersion = 14.1;
					};
				};
			};
			buildConfigurationList = 95ACF5062922026E00E9B2AF /* Build configuration list for PBXProject "Interval" */;
			compatibilityVersion = "Xcode 14.0";
			developmentRegion = en;
			hasScannedForEncodings = 0;
			knownRegions = (
				en,
				Base,
			);
			mainGroup = 95ACF5022922026E00E9B2AF;
			productRefGroup = 95ACF50C2922026E00E9B2AF /* Products */;
			projectDirPath = "";
			projectRoot = "";
			targets = (
				95ACF50A2922026E00E9B2AF /* Interval */,
				95ACF51A2922027000E9B2AF /* Interval Watch App */,
			);
		};
/* End PBXProject section */

/* Begin PBXResourcesBuildPhase section */
		95ACF5092922026E00E9B2AF /* Resources */ = {
			isa = PBXResourcesBuildPhase;
			buildActionMask = 2147483647;
			files = (
				95ACF5162922027000E9B2AF /* Preview Assets.xcassets in Resources */,
				95ACF5132922027000E9B2AF /* Assets.xcassets in Resources */,
			);
			runOnlyForDeploymentPostprocessing = 0;
		};
		95ACF5192922027000E9B2AF /* Resources */ = {
			isa = PBXResourcesBuildPhase;
			buildActionMask = 2147483647;
			files = (
				95ACF5282922027100E9B2AF /* Preview Assets.xcassets in Resources */,
				95ACF5252922027100E9B2AF /* Assets.xcassets in Resources */,
			);
			runOnlyForDeploymentPostprocessing = 0;
		};
/* End PBXResourcesBuildPhase section */

/* Begin PBXSourcesBuildPhase section */
		95ACF5072922026E00E9B2AF /* Sources */ = {
			isa = PBXSourcesBuildPhase;
			buildActionMask = 2147483647;
			files = (
				95BE040829C94AA800EDD8CE /* FormView.swift in Sources */,
				95CABB04292E8C33006E7AAE /* EditView.swift in Sources */,
				95ACF5112922026E00E9B2AF /* ContentView.swift in Sources */,
				95A29FAD29668F88002DFA8B /* CoreDataStep.swift in Sources */,
				95ACF50F2922026E00E9B2AF /* IntervalApp.swift in Sources */,
				95D04F29299F1F2F00839875 /* CreateView.swift in Sources */,
				95281FC129D3CDEB00DE7ED1 /* Step.swift in Sources */,
				95281FC629D3ED3600DE7ED1 /* DistancePicker.swift in Sources */,
				95D1365129DED9B0002412FE /* PacePicker.swift in Sources */,
				9506F83529328F0200E20F83 /* DetailView.swift in Sources */,
				959FFC0B29854B440049136E /* DetailRowView.swift in Sources */,
				95368A32297B82DF0056C5B9 /* DataController.swift in Sources */,
				95DE46A1297E40DD0061E507 /* NoDataView.swift in Sources */,
				95ECF4822944F2F70021CCD1 /* Interval.xcdatamodeld in Sources */,
				95281FC329D3ECD300DE7ED1 /* TimePicker.swift in Sources */,
				95FC2AC929E917C600580005 /* Workout.swift in Sources */,
				95A29FAF29668F88002DFA8B /* CoreDataWorkout.swift in Sources */,
			);
			runOnlyForDeploymentPostprocessing = 0;
		};
		95ACF5172922027000E9B2AF /* Sources */ = {
			isa = PBXSourcesBuildPhase;
			buildActionMask = 2147483647;
			files = (
				95ACF5232922027000E9B2AF /* ContentView.swift in Sources */,
				95AB491B297262A900EF2225 /* WatchDetailView.swift in Sources */,
				95ACF5212922027000E9B2AF /* IntervalApp.swift in Sources */,
			);
			runOnlyForDeploymentPostprocessing = 0;
		};
/* End PBXSourcesBuildPhase section */

/* Begin PBXTargetDependency section */
		95ACF51E2922027000E9B2AF /* PBXTargetDependency */ = {
			isa = PBXTargetDependency;
			target = 95ACF51A2922027000E9B2AF /* Interval Watch App */;
			targetProxy = 95ACF51D2922027000E9B2AF /* PBXContainerItemProxy */;
		};
/* End PBXTargetDependency section */

/* Begin XCBuildConfiguration section */
		95ACF5292922027100E9B2AF /* Debug */ = {
			isa = XCBuildConfiguration;
			buildSettings = {
				ALWAYS_SEARCH_USER_PATHS = NO;
				CLANG_ANALYZER_NONNULL = YES;
				CLANG_ANALYZER_NUMBER_OBJECT_CONVERSION = YES_AGGRESSIVE;
				CLANG_CXX_LANGUAGE_STANDARD = "gnu++20";
				CLANG_ENABLE_MODULES = YES;
				CLANG_ENABLE_OBJC_ARC = YES;
				CLANG_ENABLE_OBJC_WEAK = YES;
				CLANG_WARN_BLOCK_CAPTURE_AUTORELEASING = YES;
				CLANG_WARN_BOOL_CONVERSION = YES;
				CLANG_WARN_COMMA = YES;
				CLANG_WARN_CONSTANT_CONVERSION = YES;
				CLANG_WARN_DEPRECATED_OBJC_IMPLEMENTATIONS = YES;
				CLANG_WARN_DIRECT_OBJC_ISA_USAGE = YES_ERROR;
				CLANG_WARN_DOCUMENTATION_COMMENTS = YES;
				CLANG_WARN_EMPTY_BODY = YES;
				CLANG_WARN_ENUM_CONVERSION = YES;
				CLANG_WARN_INFINITE_RECURSION = YES;
				CLANG_WARN_INT_CONVERSION = YES;
				CLANG_WARN_NON_LITERAL_NULL_CONVERSION = YES;
				CLANG_WARN_OBJC_IMPLICIT_RETAIN_SELF = YES;
				CLANG_WARN_OBJC_LITERAL_CONVERSION = YES;
				CLANG_WARN_OBJC_ROOT_CLASS = YES_ERROR;
				CLANG_WARN_QUOTED_INCLUDE_IN_FRAMEWORK_HEADER = YES;
				CLANG_WARN_RANGE_LOOP_ANALYSIS = YES;
				CLANG_WARN_STRICT_PROTOTYPES = YES;
				CLANG_WARN_SUSPICIOUS_MOVE = YES;
				CLANG_WARN_UNGUARDED_AVAILABILITY = YES_AGGRESSIVE;
				CLANG_WARN_UNREACHABLE_CODE = YES;
				CLANG_WARN__DUPLICATE_METHOD_MATCH = YES;
				COPY_PHASE_STRIP = NO;
				DEBUG_INFORMATION_FORMAT = dwarf;
				ENABLE_STRICT_OBJC_MSGSEND = YES;
				ENABLE_TESTABILITY = YES;
				GCC_C_LANGUAGE_STANDARD = gnu11;
				GCC_DYNAMIC_NO_PIC = NO;
				GCC_NO_COMMON_BLOCKS = YES;
				GCC_OPTIMIZATION_LEVEL = 0;
				GCC_PREPROCESSOR_DEFINITIONS = (
					"DEBUG=1",
					"$(inherited)",
				);
				GCC_WARN_64_TO_32_BIT_CONVERSION = YES;
				GCC_WARN_ABOUT_RETURN_TYPE = YES_ERROR;
				GCC_WARN_UNDECLARED_SELECTOR = YES;
				GCC_WARN_UNINITIALIZED_AUTOS = YES_AGGRESSIVE;
				GCC_WARN_UNUSED_FUNCTION = YES;
				GCC_WARN_UNUSED_VARIABLE = YES;
				MTL_ENABLE_DEBUG_INFO = INCLUDE_SOURCE;
				MTL_FAST_MATH = YES;
				ONLY_ACTIVE_ARCH = YES;
				SWIFT_ACTIVE_COMPILATION_CONDITIONS = DEBUG;
				SWIFT_OPTIMIZATION_LEVEL = "-Onone";
			};
			name = Debug;
		};
		95ACF52A2922027100E9B2AF /* Release */ = {
			isa = XCBuildConfiguration;
			buildSettings = {
				ALWAYS_SEARCH_USER_PATHS = NO;
				CLANG_ANALYZER_NONNULL = YES;
				CLANG_ANALYZER_NUMBER_OBJECT_CONVERSION = YES_AGGRESSIVE;
				CLANG_CXX_LANGUAGE_STANDARD = "gnu++20";
				CLANG_ENABLE_MODULES = YES;
				CLANG_ENABLE_OBJC_ARC = YES;
				CLANG_ENABLE_OBJC_WEAK = YES;
				CLANG_WARN_BLOCK_CAPTURE_AUTORELEASING = YES;
				CLANG_WARN_BOOL_CONVERSION = YES;
				CLANG_WARN_COMMA = YES;
				CLANG_WARN_CONSTANT_CONVERSION = YES;
				CLANG_WARN_DEPRECATED_OBJC_IMPLEMENTATIONS = YES;
				CLANG_WARN_DIRECT_OBJC_ISA_USAGE = YES_ERROR;
				CLANG_WARN_DOCUMENTATION_COMMENTS = YES;
				CLANG_WARN_EMPTY_BODY = YES;
				CLANG_WARN_ENUM_CONVERSION = YES;
				CLANG_WARN_INFINITE_RECURSION = YES;
				CLANG_WARN_INT_CONVERSION = YES;
				CLANG_WARN_NON_LITERAL_NULL_CONVERSION = YES;
				CLANG_WARN_OBJC_IMPLICIT_RETAIN_SELF = YES;
				CLANG_WARN_OBJC_LITERAL_CONVERSION = YES;
				CLANG_WARN_OBJC_ROOT_CLASS = YES_ERROR;
				CLANG_WARN_QUOTED_INCLUDE_IN_FRAMEWORK_HEADER = YES;
				CLANG_WARN_RANGE_LOOP_ANALYSIS = YES;
				CLANG_WARN_STRICT_PROTOTYPES = YES;
				CLANG_WARN_SUSPICIOUS_MOVE = YES;
				CLANG_WARN_UNGUARDED_AVAILABILITY = YES_AGGRESSIVE;
				CLANG_WARN_UNREACHABLE_CODE = YES;
				CLANG_WARN__DUPLICATE_METHOD_MATCH = YES;
				COPY_PHASE_STRIP = NO;
				DEBUG_INFORMATION_FORMAT = "dwarf-with-dsym";
				ENABLE_NS_ASSERTIONS = NO;
				ENABLE_STRICT_OBJC_MSGSEND = YES;
				GCC_C_LANGUAGE_STANDARD = gnu11;
				GCC_NO_COMMON_BLOCKS = YES;
				GCC_WARN_64_TO_32_BIT_CONVERSION = YES;
				GCC_WARN_ABOUT_RETURN_TYPE = YES_ERROR;
				GCC_WARN_UNDECLARED_SELECTOR = YES;
				GCC_WARN_UNINITIALIZED_AUTOS = YES_AGGRESSIVE;
				GCC_WARN_UNUSED_FUNCTION = YES;
				GCC_WARN_UNUSED_VARIABLE = YES;
				MTL_ENABLE_DEBUG_INFO = NO;
				MTL_FAST_MATH = YES;
				SWIFT_COMPILATION_MODE = wholemodule;
				SWIFT_OPTIMIZATION_LEVEL = "-O";
			};
			name = Release;
		};
		95ACF52C2922027100E9B2AF /* Debug */ = {
			isa = XCBuildConfiguration;
			buildSettings = {
				ASSETCATALOG_COMPILER_APPICON_NAME = AppIcon;
				ASSETCATALOG_COMPILER_GLOBAL_ACCENT_COLOR_NAME = AccentColor;
				CODE_SIGN_STYLE = Automatic;
				CURRENT_PROJECT_VERSION = 1;
				DEVELOPMENT_ASSET_PATHS = "\"Interval Watch App/Preview Content\"";
				DEVELOPMENT_TEAM = 3P2T2GVKTG;
				ENABLE_PREVIEWS = YES;
				GENERATE_INFOPLIST_FILE = YES;
				INFOPLIST_KEY_CFBundleDisplayName = Interval;
				INFOPLIST_KEY_UISupportedInterfaceOrientations = "UIInterfaceOrientationPortrait UIInterfaceOrientationPortraitUpsideDown";
				INFOPLIST_KEY_WKCompanionAppBundleIdentifier = com.Interval.Interval;
				LD_RUNPATH_SEARCH_PATHS = (
					"$(inherited)",
					"@executable_path/Frameworks",
				);
				MARKETING_VERSION = 1.0;
				PRODUCT_BUNDLE_IDENTIFIER = com.Interval.Interval.watchkitapp;
				PRODUCT_NAME = "$(TARGET_NAME)";
				SDKROOT = watchos;
				SKIP_INSTALL = YES;
				SWIFT_EMIT_LOC_STRINGS = YES;
				SWIFT_VERSION = 5.0;
				TARGETED_DEVICE_FAMILY = 4;
				WATCHOS_DEPLOYMENT_TARGET = 9.1;
			};
			name = Debug;
		};
		95ACF52D2922027100E9B2AF /* Release */ = {
			isa = XCBuildConfiguration;
			buildSettings = {
				ASSETCATALOG_COMPILER_APPICON_NAME = AppIcon;
				ASSETCATALOG_COMPILER_GLOBAL_ACCENT_COLOR_NAME = AccentColor;
				CODE_SIGN_STYLE = Automatic;
				CURRENT_PROJECT_VERSION = 1;
				DEVELOPMENT_ASSET_PATHS = "\"Interval Watch App/Preview Content\"";
				DEVELOPMENT_TEAM = 3P2T2GVKTG;
				ENABLE_PREVIEWS = YES;
				GENERATE_INFOPLIST_FILE = YES;
				INFOPLIST_KEY_CFBundleDisplayName = Interval;
				INFOPLIST_KEY_UISupportedInterfaceOrientations = "UIInterfaceOrientationPortrait UIInterfaceOrientationPortraitUpsideDown";
				INFOPLIST_KEY_WKCompanionAppBundleIdentifier = com.Interval.Interval;
				LD_RUNPATH_SEARCH_PATHS = (
					"$(inherited)",
					"@executable_path/Frameworks",
				);
				MARKETING_VERSION = 1.0;
				PRODUCT_BUNDLE_IDENTIFIER = com.Interval.Interval.watchkitapp;
				PRODUCT_NAME = "$(TARGET_NAME)";
				SDKROOT = watchos;
				SKIP_INSTALL = YES;
				SWIFT_EMIT_LOC_STRINGS = YES;
				SWIFT_VERSION = 5.0;
				TARGETED_DEVICE_FAMILY = 4;
				VALIDATE_PRODUCT = YES;
				WATCHOS_DEPLOYMENT_TARGET = 9.1;
			};
			name = Release;
		};
		95ACF5302922027100E9B2AF /* Debug */ = {
			isa = XCBuildConfiguration;
			buildSettings = {
				ALWAYS_EMBED_SWIFT_STANDARD_LIBRARIES = YES;
				ASSETCATALOG_COMPILER_APPICON_NAME = AppIcon;
				ASSETCATALOG_COMPILER_GLOBAL_ACCENT_COLOR_NAME = AccentColor;
				CODE_SIGN_STYLE = Automatic;
				CURRENT_PROJECT_VERSION = 1;
				DEVELOPMENT_ASSET_PATHS = "\"Interval/Preview Content\"";
				DEVELOPMENT_TEAM = 3P2T2GVKTG;
				ENABLE_PREVIEWS = YES;
				GENERATE_INFOPLIST_FILE = YES;
				INFOPLIST_KEY_CFBundleDisplayName = Interval;
				INFOPLIST_KEY_LSApplicationCategoryType = "public.app-category.healthcare-fitness";
				INFOPLIST_KEY_UIApplicationSceneManifest_Generation = YES;
				INFOPLIST_KEY_UIApplicationSupportsIndirectInputEvents = YES;
				INFOPLIST_KEY_UILaunchScreen_Generation = YES;
				INFOPLIST_KEY_UISupportedInterfaceOrientations = UIInterfaceOrientationPortrait;
				INFOPLIST_KEY_UISupportedInterfaceOrientations_iPad = "UIInterfaceOrientationLandscapeLeft UIInterfaceOrientationLandscapeRight UIInterfaceOrientationPortrait UIInterfaceOrientationPortraitUpsideDown";
				IPHONEOS_DEPLOYMENT_TARGET = 16.1;
				LD_RUNPATH_SEARCH_PATHS = (
					"$(inherited)",
					"@executable_path/Frameworks",
				);
				MARKETING_VERSION = 1.0;
				PRODUCT_BUNDLE_IDENTIFIER = com.Interval.Interval;
				PRODUCT_NAME = "$(TARGET_NAME)";
				SDKROOT = iphoneos;
				SUPPORTED_PLATFORMS = "iphoneos iphonesimulator";
				SUPPORTS_MACCATALYST = NO;
				SUPPORTS_MAC_DESIGNED_FOR_IPHONE_IPAD = NO;
				SWIFT_EMIT_LOC_STRINGS = YES;
				SWIFT_VERSION = 5.0;
				TARGETED_DEVICE_FAMILY = "1,2";
			};
			name = Debug;
		};
		95ACF5312922027100E9B2AF /* Release */ = {
			isa = XCBuildConfiguration;
			buildSettings = {
				ALWAYS_EMBED_SWIFT_STANDARD_LIBRARIES = YES;
				ASSETCATALOG_COMPILER_APPICON_NAME = AppIcon;
				ASSETCATALOG_COMPILER_GLOBAL_ACCENT_COLOR_NAME = AccentColor;
				CODE_SIGN_STYLE = Automatic;
				CURRENT_PROJECT_VERSION = 1;
				DEVELOPMENT_ASSET_PATHS = "\"Interval/Preview Content\"";
				DEVELOPMENT_TEAM = 3P2T2GVKTG;
				ENABLE_PREVIEWS = YES;
				GENERATE_INFOPLIST_FILE = YES;
				INFOPLIST_KEY_CFBundleDisplayName = Interval;
				INFOPLIST_KEY_LSApplicationCategoryType = "public.app-category.healthcare-fitness";
				INFOPLIST_KEY_UIApplicationSceneManifest_Generation = YES;
				INFOPLIST_KEY_UIApplicationSupportsIndirectInputEvents = YES;
				INFOPLIST_KEY_UILaunchScreen_Generation = YES;
				INFOPLIST_KEY_UISupportedInterfaceOrientations = UIInterfaceOrientationPortrait;
				INFOPLIST_KEY_UISupportedInterfaceOrientations_iPad = "UIInterfaceOrientationLandscapeLeft UIInterfaceOrientationLandscapeRight UIInterfaceOrientationPortrait UIInterfaceOrientationPortraitUpsideDown";
				IPHONEOS_DEPLOYMENT_TARGET = 16.1;
				LD_RUNPATH_SEARCH_PATHS = (
					"$(inherited)",
					"@executable_path/Frameworks",
				);
				MARKETING_VERSION = 1.0;
				PRODUCT_BUNDLE_IDENTIFIER = com.Interval.Interval;
				PRODUCT_NAME = "$(TARGET_NAME)";
				SDKROOT = iphoneos;
				SUPPORTED_PLATFORMS = "iphoneos iphonesimulator";
				SUPPORTS_MACCATALYST = NO;
				SUPPORTS_MAC_DESIGNED_FOR_IPHONE_IPAD = NO;
				SWIFT_EMIT_LOC_STRINGS = YES;
				SWIFT_VERSION = 5.0;
				TARGETED_DEVICE_FAMILY = "1,2";
				VALIDATE_PRODUCT = YES;
			};
			name = Release;
		};
/* End XCBuildConfiguration section */

/* Begin XCConfigurationList section */
		95ACF5062922026E00E9B2AF /* Build configuration list for PBXProject "Interval" */ = {
			isa = XCConfigurationList;
			buildConfigurations = (
				95ACF5292922027100E9B2AF /* Debug */,
				95ACF52A2922027100E9B2AF /* Release */,
			);
			defaultConfigurationIsVisible = 0;
			defaultConfigurationName = Release;
		};
		95ACF52B2922027100E9B2AF /* Build configuration list for PBXNativeTarget "Interval Watch App" */ = {
			isa = XCConfigurationList;
			buildConfigurations = (
				95ACF52C2922027100E9B2AF /* Debug */,
				95ACF52D2922027100E9B2AF /* Release */,
			);
			defaultConfigurationIsVisible = 0;
			defaultConfigurationName = Release;
		};
		95ACF52F2922027100E9B2AF /* Build configuration list for PBXNativeTarget "Interval" */ = {
			isa = XCConfigurationList;
			buildConfigurations = (
				95ACF5302922027100E9B2AF /* Debug */,
				95ACF5312922027100E9B2AF /* Release */,
			);
			defaultConfigurationIsVisible = 0;
			defaultConfigurationName = Release;
		};
/* End XCConfigurationList section */

/* Begin XCVersionGroup section */
		95ECF4802944F2F70021CCD1 /* Interval.xcdatamodeld */ = {
			isa = XCVersionGroup;
			children = (
				95ECF4812944F2F70021CCD1 /* Interval.xcdatamodel */,
			);
			currentVersion = 95ECF4812944F2F70021CCD1 /* Interval.xcdatamodel */;
			name = Interval.xcdatamodeld;
			path = Views/Interval.xcdatamodeld;
			sourceTree = "<group>";
			versionGroupType = wrapper.xcdatamodel;
		};
/* End XCVersionGroup section */
	};
	rootObject = 95ACF5032922026E00E9B2AF /* Project object */;
}
